
Microsoft Visual Studio Solution File, Format Version 12.00
# Visual Studio 15
Project("{FAE04EC0-301F-11D3-BF4B-00C04F79EFBC}") = "MVVMPattern.Android", "MVVMPattern.Android\MVVMPattern.Android.csproj", "{EC9DEB23-DAD8-42BD-AB84-39ED3AF5330E}"
EndProject
Project("{FAE04EC0-301F-11D3-BF4B-00C04F79EFBC}") = "MVVMPattern.iOS", "MVVMPattern.iOS\MVVMPattern.iOS.csproj", "{21B28D6B-CBAA-4896-ACBA-5797088D63A5}"
EndProject
Project("{FAE04EC0-301F-11D3-BF4B-00C04F79EFBC}") = "MVVMPattern", "MVVMPattern\MVVMPattern.csproj", "{442582CB-4F6C-4506-9E81-9065C3DB0D15}"
EndProject
Global
	GlobalSection(SolutionConfigurationPlatforms) = preSolution
		Debug|Any CPU = Debug|Any CPU
		Release|Any CPU = Release|Any CPU
		Debug|iPhoneSimulator = Debug|iPhoneSimulator
		Release|iPhoneSimulator = Release|iPhoneSimulator
		Debug|iPhone = Debug|iPhone
		Release|iPhone = Release|iPhone
		Ad-Hoc|iPhone = Ad-Hoc|iPhone
		AppStore|iPhone = AppStore|iPhone
	EndGlobalSection
	GlobalSection(ProjectConfigurationPlatforms) = postSolution
		{EC9DEB23-DAD8-42BD-AB84-39ED3AF5330E}.Debug|Any CPU.ActiveCfg = Debug|Any CPU
		{EC9DEB23-DAD8-42BD-AB84-39ED3AF5330E}.Debug|Any CPU.Build.0 = Debug|Any CPU
		{EC9DEB23-DAD8-42BD-AB84-39ED3AF5330E}.Release|Any CPU.ActiveCfg = Release|Any CPU
		{EC9DEB23-DAD8-42BD-AB84-39ED3AF5330E}.Release|Any CPU.Build.0 = Release|Any CPU
		{EC9DEB23-DAD8-42BD-AB84-39ED3AF5330E}.Debug|iPhoneSimulator.ActiveCfg = Debug|Any CPU
		{EC9DEB23-DAD8-42BD-AB84-39ED3AF5330E}.Debug|iPhoneSimulator.Build.0 = Debug|Any CPU
		{EC9DEB23-DAD8-42BD-AB84-39ED3AF5330E}.Release|iPhoneSimulator.ActiveCfg = Release|Any CPU
		{EC9DEB23-DAD8-42BD-AB84-39ED3AF5330E}.Release|iPhoneSimulator.Build.0 = Release|Any CPU
		{EC9DEB23-DAD8-42BD-AB84-39ED3AF5330E}.Debug|iPhone.ActiveCfg = Debug|Any CPU
		{EC9DEB23-DAD8-42BD-AB84-39ED3AF5330E}.Debug|iPhone.Build.0 = Debug|Any CPU
		{EC9DEB23-DAD8-42BD-AB84-39ED3AF5330E}.Release|iPhone.ActiveCfg = Release|Any CPU
		{EC9DEB23-DAD8-42BD-AB84-39ED3AF5330E}.Release|iPhone.Build.0 = Release|Any CPU
		{EC9DEB23-DAD8-42BD-AB84-39ED3AF5330E}.Ad-Hoc|iPhone.ActiveCfg = Debug|Any CPU
		{EC9DEB23-DAD8-42BD-AB84-39ED3AF5330E}.Ad-Hoc|iPhone.Build.0 = Debug|Any CPU
		{EC9DEB23-DAD8-42BD-AB84-39ED3AF5330E}.AppStore|iPhone.ActiveCfg = Debug|Any CPU
		{EC9DEB23-DAD8-42BD-AB84-39ED3AF5330E}.AppStore|iPhone.Build.0 = Debug|Any CPU
		{21B28D6B-CBAA-4896-ACBA-5797088D63A5}.Debug|Any CPU.ActiveCfg = Debug|iPhoneSimulator
		{21B28D6B-CBAA-4896-ACBA-5797088D63A5}.Debug|Any CPU.Build.0 = Debug|iPhoneSimulator
		{21B28D6B-CBAA-4896-ACBA-5797088D63A5}.Release|Any CPU.ActiveCfg = Release|iPhoneSimulator
		{21B28D6B-CBAA-4896-ACBA-5797088D63A5}.Release|Any CPU.Build.0 = Release|iPhoneSimulator
		{21B28D6B-CBAA-4896-ACBA-5797088D63A5}.Debug|iPhoneSimulator.ActiveCfg = Debug|iPhoneSimulator
		{21B28D6B-CBAA-4896-ACBA-5797088D63A5}.Debug|iPhoneSimulator.Build.0 = Debug|iPhoneSimulator
		{21B28D6B-CBAA-4896-ACBA-5797088D63A5}.Release|iPhoneSimulator.ActiveCfg = Release|iPhoneSimulator
		{21B28D6B-CBAA-4896-ACBA-5797088D63A5}.Release|iPhoneSimulator.Build.0 = Release|iPhoneSimulator
		{21B28D6B-CBAA-4896-ACBA-5797088D63A5}.Debug|iPhone.ActiveCfg = Debug|iPhone
		{21B28D6B-CBAA-4896-ACBA-5797088D63A5}.Debug|iPhone.Build.0 = Debug|iPhone
		{21B28D6B-CBAA-4896-ACBA-5797088D63A5}.Release|iPhone.ActiveCfg = Release|iPhone
		{21B28D6B-CBAA-4896-ACBA-5797088D63A5}.Release|iPhone.Build.0 = Release|iPhone
		{21B28D6B-CBAA-4896-ACBA-5797088D63A5}.Ad-Hoc|iPhone.ActiveCfg = Ad-Hoc|iPhone
		{21B28D6B-CBAA-4896-ACBA-5797088D63A5}.Ad-Hoc|iPhone.Build.0 = Ad-Hoc|iPhone
		{21B28D6B-CBAA-4896-ACBA-5797088D63A5}.AppStore|iPhone.ActiveCfg = AppStore|iPhone
		{21B28D6B-CBAA-4896-ACBA-5797088D63A5}.AppStore|iPhone.Build.0 = AppStore|iPhone
		{442582CB-4F6C-4506-9E81-9065C3DB0D15}.Debug|Any CPU.ActiveCfg = Debug|Any CPU
		{442582CB-4F6C-4506-9E81-9065C3DB0D15}.Debug|Any CPU.Build.0 = Debug|Any CPU
		{442582CB-4F6C-4506-9E81-9065C3DB0D15}.Release|Any CPU.ActiveCfg = Release|Any CPU
		{442582CB-4F6C-4506-9E81-9065C3DB0D15}.Release|Any CPU.Build.0 = Release|Any CPU
		{442582CB-4F6C-4506-9E81-9065C3DB0D15}.Debug|iPhoneSimulator.ActiveCfg = Debug|Any CPU
		{442582CB-4F6C-4506-9E81-9065C3DB0D15}.Debug|iPhoneSimulator.Build.0 = Debug|Any CPU
		{442582CB-4F6C-4506-9E81-9065C3DB0D15}.Release|iPhoneSimulator.ActiveCfg = Release|Any CPU
		{442582CB-4F6C-4506-9E81-9065C3DB0D15}.Release|iPhoneSimulator.Build.0 = Release|Any CPU
		{442582CB-4F6C-4506-9E81-9065C3DB0D15}.Debug|iPhone.ActiveCfg = Debug|Any CPU
		{442582CB-4F6C-4506-9E81-9065C3DB0D15}.Debug|iPhone.Build.0 = Debug|Any CPU
		{442582CB-4F6C-4506-9E81-9065C3DB0D15}.Release|iPhone.ActiveCfg = Release|Any CPU
		{442582CB-4F6C-4506-9E81-9065C3DB0D15}.Release|iPhone.Build.0 = Release|Any CPU
		{442582CB-4F6C-4506-9E81-9065C3DB0D15}.Ad-Hoc|iPhone.ActiveCfg = Debug|Any CPU
		{442582CB-4F6C-4506-9E81-9065C3DB0D15}.Ad-Hoc|iPhone.Build.0 = Debug|Any CPU
		{442582CB-4F6C-4506-9E81-9065C3DB0D15}.AppStore|iPhone.ActiveCfg = Debug|Any CPU
		{442582CB-4F6C-4506-9E81-9065C3DB0D15}.AppStore|iPhone.Build.0 = Debug|Any CPU
	EndGlobalSection
EndGlobal
